
Microsoft Visual Studio Solution File, Format Version 12.00
# Visual Studio 15
Project("{FAE04EC0-301F-11D3-BF4B-00C04F79EFBC}") = "mka-one", "mka-one.csproj", "{242ADA17-695B-4117-AB26-1F9BE49D44E5}"
EndProject
Project("{FAE04EC0-301F-11D3-BF4B-00C04F79EFBC}") = "mka-one.Tests", "mka-one.Tests\mka-one.Tests.csproj", "{E796B8ED-F2CD-4EC6-B8B8-3302D0459E7B}"
EndProject
Global
	GlobalSection(SolutionConfigurationPlatforms) = preSolution
		Debug|Any CPU = Debug|Any CPU
		Release|Any CPU = Release|Any CPU
	EndGlobalSection
	GlobalSection(ProjectConfigurationPlatforms) = postSolution
		{242ADA17-695B-4117-AB26-1F9BE49D44E5}.Debug|Any CPU.ActiveCfg = Debug|Any CPU
		{242ADA17-695B-4117-AB26-1F9BE49D44E5}.Debug|Any CPU.Build.0 = Debug|Any CPU
		{242ADA17-695B-4117-AB26-1F9BE49D44E5}.Release|Any CPU.ActiveCfg = Release|Any CPU
		{242ADA17-695B-4117-AB26-1F9BE49D44E5}.Release|Any CPU.Build.0 = Release|Any CPU
		{E796B8ED-F2CD-4EC6-B8B8-3302D0459E7B}.Debug|Any CPU.ActiveCfg = Debug|Any CPU
		{E796B8ED-F2CD-4EC6-B8B8-3302D0459E7B}.Debug|Any CPU.Build.0 = Debug|Any CPU
		{E796B8ED-F2CD-4EC6-B8B8-3302D0459E7B}.Release|Any CPU.ActiveCfg = Release|Any CPU
		{E796B8ED-F2CD-4EC6-B8B8-3302D0459E7B}.Release|Any CPU.Build.0 = Release|Any CPU
	EndGlobalSection
EndGlobal
